
Microsoft Visual Studio Solution File, Format Version 12.00
# Visual Studio 15
VisualStudioVersion = 15.0.28010.2041
MinimumVisualStudioVersion = 10.0.40219.1
Project("{FAE04EC0-301F-11D3-BF4B-00C04F79EFBC}") = "PruebaCorreoSMTP", "PruebaCorreoSMTP\PruebaCorreoSMTP.csproj", "{0BE25CE9-3B09-472A-AC44-EE1DE4180D9F}"
EndProject
Global
	GlobalSection(SolutionConfigurationPlatforms) = preSolution
		Debug|Any CPU = Debug|Any CPU
		Release|Any CPU = Release|Any CPU
	EndGlobalSection
	GlobalSection(ProjectConfigurationPlatforms) = postSolution
		{0BE25CE9-3B09-472A-AC44-EE1DE4180D9F}.Debug|Any CPU.ActiveCfg = Debug|Any CPU
		{0BE25CE9-3B09-472A-AC44-EE1DE4180D9F}.Debug|Any CPU.Build.0 = Debug|Any CPU
		{0BE25CE9-3B09-472A-AC44-EE1DE4180D9F}.Release|Any CPU.ActiveCfg = Release|Any CPU
		{0BE25CE9-3B09-472A-AC44-EE1DE4180D9F}.Release|Any CPU.Build.0 = Release|Any CPU
	EndGlobalSection
	GlobalSection(SolutionProperties) = preSolution
		HideSolutionNode = FALSE
	EndGlobalSection
	GlobalSection(ExtensibilityGlobals) = postSolution
		SolutionGuid = {157BE783-354C-4D9C-A4A2-02E151F8F903}
	EndGlobalSection
EndGlobal
